// !$*UTF8*$!
{
	archiveVersion = 1;
	classes = {
	};
	objectVersion = 55;
	objects = {

/* Begin PBXBuildFile section */
		7FD9288C28954A6A007EA3AA /* AppDelegate.swift in Sources */ = {isa = PBXBuildFile; fileRef = 7FD9288B28954A6A007EA3AA /* AppDelegate.swift */; };
		7FD9288E28954A6A007EA3AA /* SceneDelegate.swift in Sources */ = {isa = PBXBuildFile; fileRef = 7FD9288D28954A6A007EA3AA /* SceneDelegate.swift */; };
		7FD9289028954A6A007EA3AA /* ViewController.swift in Sources */ = {isa = PBXBuildFile; fileRef = 7FD9288F28954A6A007EA3AA /* ViewController.swift */; };
		7FD9289328954A6A007EA3AA /* Main.storyboard in Resources */ = {isa = PBXBuildFile; fileRef = 7FD9289128954A6A007EA3AA /* Main.storyboard */; };
		7FD9289528954A6D007EA3AA /* Assets.xcassets in Resources */ = {isa = PBXBuildFile; fileRef = 7FD9289428954A6D007EA3AA /* Assets.xcassets */; };
		7FD9289828954A6D007EA3AA /* LaunchScreen.storyboard in Resources */ = {isa = PBXBuildFile; fileRef = 7FD9289628954A6D007EA3AA /* LaunchScreen.storyboard */; };
		7FD928A628954B64007EA3AA /* YEXImage.swift in Sources */ = {isa = PBXBuildFile; fileRef = 7FD928A528954B64007EA3AA /* YEXImage.swift */; };
		7FD928A928955D05007EA3AA /* YEXLabel.swift in Sources */ = {isa = PBXBuildFile; fileRef = 7FD928A828955D05007EA3AA /* YEXLabel.swift */; };
		7FF37D02E1629A127B3FCFFE /* Pods_YEXKitDemo.framework in Frameworks */ = {isa = PBXBuildFile; fileRef = 7D37229C7B2F7654CFEFD1B8 /* Pods_YEXKitDemo.framework */; };
/* End PBXBuildFile section */

/* Begin PBXFileReference section */
		32252977CE581D75BF5CB885 /* Pods-YEXKitDemo.debug.xcconfig */ = {isa = PBXFileReference; includeInIndex = 1; lastKnownFileType = text.xcconfig; name = "Pods-YEXKitDemo.debug.xcconfig"; path = "Target Support Files/Pods-YEXKitDemo/Pods-YEXKitDemo.debug.xcconfig"; sourceTree = "<group>"; };
		4329B881F55755592126B8F2 /* Pods-YEXKitDemo.release.xcconfig */ = {isa = PBXFileReference; includeInIndex = 1; lastKnownFileType = text.xcconfig; name = "Pods-YEXKitDemo.release.xcconfig"; path = "Target Support Files/Pods-YEXKitDemo/Pods-YEXKitDemo.release.xcconfig"; sourceTree = "<group>"; };
		7D37229C7B2F7654CFEFD1B8 /* Pods_YEXKitDemo.framework */ = {isa = PBXFileReference; explicitFileType = wrapper.framework; includeInIndex = 0; path = Pods_YEXKitDemo.framework; sourceTree = BUILT_PRODUCTS_DIR; };
		7FD9288828954A6A007EA3AA /* YEXKitDemo.app */ = {isa = PBXFileReference; explicitFileType = wrapper.application; includeInIndex = 0; path = YEXKitDemo.app; sourceTree = BUILT_PRODUCTS_DIR; };
		7FD9288B28954A6A007EA3AA /* AppDelegate.swift */ = {isa = PBXFileReference; lastKnownFileType = sourcecode.swift; path = AppDelegate.swift; sourceTree = "<group>"; };
		7FD9288D28954A6A007EA3AA /* SceneDelegate.swift */ = {isa = PBXFileReference; lastKnownFileType = sourcecode.swift; path = SceneDelegate.swift; sourceTree = "<group>"; };
		7FD9288F28954A6A007EA3AA /* ViewController.swift */ = {isa = PBXFileReference; lastKnownFileType = sourcecode.swift; path = ViewController.swift; sourceTree = "<group>"; };
		7FD9289228954A6A007EA3AA /* Base */ = {isa = PBXFileReference; lastKnownFileType = file.storyboard; name = Base; path = Base.lproj/Main.storyboard; sourceTree = "<group>"; };
		7FD9289428954A6D007EA3AA /* Assets.xcassets */ = {isa = PBXFileReference; lastKnownFileType = folder.assetcatalog; path = Assets.xcassets; sourceTree = "<group>"; };
		7FD9289728954A6D007EA3AA /* Base */ = {isa = PBXFileReference; lastKnownFileType = file.storyboard; name = Base; path = Base.lproj/LaunchScreen.storyboard; sourceTree = "<group>"; };
		7FD9289928954A6D007EA3AA /* Info.plist */ = {isa = PBXFileReference; lastKnownFileType = text.plist.xml; path = Info.plist; sourceTree = "<group>"; };
		7FD928A528954B64007EA3AA /* YEXImage.swift */ = {isa = PBXFileReference; lastKnownFileType = sourcecode.swift; path = YEXImage.swift; sourceTree = "<group>"; };
		7FD928A728954BDD007EA3AA /* YEXKit.podspec */ = {isa = PBXFileReference; lastKnownFileType = text; name = YEXKit.podspec; path = ../YEXKit.podspec; sourceTree = "<group>"; };
		7FD928A828955D05007EA3AA /* YEXLabel.swift */ = {isa = PBXFileReference; lastKnownFileType = sourcecode.swift; path = YEXLabel.swift; sourceTree = "<group>"; };
/* End PBXFileReference section */

/* Begin PBXFrameworksBuildPhase section */
		7FD9288528954A6A007EA3AA /* Frameworks */ = {
			isa = PBXFrameworksBuildPhase;
			buildActionMask = 2147483647;
			files = (
				7FF37D02E1629A127B3FCFFE /* Pods_YEXKitDemo.framework in Frameworks */,
			);
			runOnlyForDeploymentPostprocessing = 0;
		};
/* End PBXFrameworksBuildPhase section */

/* Begin PBXGroup section */
		1557490C93DA05BED3733ACA /* Frameworks */ = {
			isa = PBXGroup;
			children = (
				7D37229C7B2F7654CFEFD1B8 /* Pods_YEXKitDemo.framework */,
			);
			name = Frameworks;
			sourceTree = "<group>";
		};
		5A1C63BF9011139A8FA528B4 /* Pods */ = {
			isa = PBXGroup;
			children = (
				32252977CE581D75BF5CB885 /* Pods-YEXKitDemo.debug.xcconfig */,
				4329B881F55755592126B8F2 /* Pods-YEXKitDemo.release.xcconfig */,
			);
			path = Pods;
			sourceTree = "<group>";
		};
		7FD9287F28954A6A007EA3AA = {
			isa = PBXGroup;
			children = (
				7FD928A728954BDD007EA3AA /* YEXKit.podspec */,
				7FD9288A28954A6A007EA3AA /* YEXKitDemo */,
				7FD9288928954A6A007EA3AA /* Products */,
				5A1C63BF9011139A8FA528B4 /* Pods */,
				1557490C93DA05BED3733ACA /* Frameworks */,
			);
			sourceTree = "<group>";
		};
		7FD9288928954A6A007EA3AA /* Products */ = {
			isa = PBXGroup;
			children = (
				7FD9288828954A6A007EA3AA /* YEXKitDemo.app */,
			);
			name = Products;
			sourceTree = "<group>";
		};
		7FD9288A28954A6A007EA3AA /* YEXKitDemo */ = {
			isa = PBXGroup;
			children = (
				7FD928A228954AC8007EA3AA /* YEXKit */,
				7FD9288B28954A6A007EA3AA /* AppDelegate.swift */,
				7FD9288D28954A6A007EA3AA /* SceneDelegate.swift */,
				7FD9288F28954A6A007EA3AA /* ViewController.swift */,
				7FD9289128954A6A007EA3AA /* Main.storyboard */,
				7FD9289428954A6D007EA3AA /* Assets.xcassets */,
				7FD9289628954A6D007EA3AA /* LaunchScreen.storyboard */,
				7FD9289928954A6D007EA3AA /* Info.plist */,
			);
			path = YEXKitDemo;
			sourceTree = "<group>";
		};
		7FD928A228954AC8007EA3AA /* YEXKit */ = {
			isa = PBXGroup;
			children = (
				7FD928A528954B64007EA3AA /* YEXImage.swift */,
				7FD928A828955D05007EA3AA /* YEXLabel.swift */,
			);
			name = YEXKit;
			path = ../../YEXKit;
			sourceTree = "<group>";
		};
/* End PBXGroup section */

/* Begin PBXNativeTarget section */
		7FD9288728954A6A007EA3AA /* YEXKitDemo */ = {
			isa = PBXNativeTarget;
			buildConfigurationList = 7FD9289C28954A6D007EA3AA /* Build configuration list for PBXNativeTarget "YEXKitDemo" */;
			buildPhases = (
				10AFD2DD398D9563AC302257 /* [CP] Check Pods Manifest.lock */,
				7FD9288428954A6A007EA3AA /* Sources */,
				7FD9288528954A6A007EA3AA /* Frameworks */,
				7FD9288628954A6A007EA3AA /* Resources */,
				8C627CBFF60E5D5FD4483E0D /* [CP] Embed Pods Frameworks */,
			);
			buildRules = (
			);
			dependencies = (
			);
			name = YEXKitDemo;
			productName = YEXKitDemo;
			productReference = 7FD9288828954A6A007EA3AA /* YEXKitDemo.app */;
			productType = "com.apple.product-type.application";
		};
/* End PBXNativeTarget section */

/* Begin PBXProject section */
		7FD9288028954A6A007EA3AA /* Project object */ = {
			isa = PBXProject;
			attributes = {
				BuildIndependentTargetsInParallel = 1;
				LastSwiftUpdateCheck = 1340;
				LastUpgradeCheck = 1340;
				TargetAttributes = {
					7FD9288728954A6A007EA3AA = {
						CreatedOnToolsVersion = 13.4.1;
					};
				};
			};
			buildConfigurationList = 7FD9288328954A6A007EA3AA /* Build configuration list for PBXProject "YEXKitDemo" */;
			compatibilityVersion = "Xcode 13.0";
			developmentRegion = en;
			hasScannedForEncodings = 0;
			knownRegions = (
				en,
				Base,
			);
			mainGroup = 7FD9287F28954A6A007EA3AA;
			productRefGroup = 7FD9288928954A6A007EA3AA /* Products */;
			projectDirPath = "";
			projectRoot = "";
			targets = (
				7FD9288728954A6A007EA3AA /* YEXKitDemo */,
			);
		};
/* End PBXProject section */

/* Begin PBXResourcesBuildPhase section */
		7FD9288628954A6A007EA3AA /* Resources */ = {
			isa = PBXResourcesBuildPhase;
			buildActionMask = 2147483647;
			files = (
				7FD9289828954A6D007EA3AA /* LaunchScreen.storyboard in Resources */,
				7FD9289528954A6D007EA3AA /* Assets.xcassets in Resources */,
				7FD9289328954A6A007EA3AA /* Main.storyboard in Resources */,
			);
			runOnlyForDeploymentPostprocessing = 0;
		};
/* End PBXResourcesBuildPhase section */

/* Begin PBXShellScriptBuildPhase section */
		10AFD2DD398D9563AC302257 /* [CP] Check Pods Manifest.lock */ = {
			isa = PBXShellScriptBuildPhase;
			buildActionMask = 2147483647;
			files = (
			);
			inputFileListPaths = (
			);
			inputPaths = (
				"${PODS_PODFILE_DIR_PATH}/Podfile.lock",
				"${PODS_ROOT}/Manifest.lock",
			);
			name = "[CP] Check Pods Manifest.lock";
			outputFileListPaths = (
			);
			outputPaths = (
				"$(DERIVED_FILE_DIR)/Pods-YEXKitDemo-checkManifestLockResult.txt",
			);
			runOnlyForDeploymentPostprocessing = 0;
			shellPath = /bin/sh;
			shellScript = "diff \"${PODS_PODFILE_DIR_PATH}/Podfile.lock\" \"${PODS_ROOT}/Manifest.lock\" > /dev/null\nif [ $? != 0 ] ; then\n    # print error to STDERR\n    echo \"error: The sandbox is not in sync with the Podfile.lock. Run 'pod install' or update your CocoaPods installation.\" >&2\n    exit 1\nfi\n# This output is used by Xcode 'outputs' to avoid re-running this script phase.\necho \"SUCCESS\" > \"${SCRIPT_OUTPUT_FILE_0}\"\n";
			showEnvVarsInLog = 0;
		};
		8C627CBFF60E5D5FD4483E0D /* [CP] Embed Pods Frameworks */ = {
			isa = PBXShellScriptBuildPhase;
			buildActionMask = 2147483647;
			files = (
			);
			inputFileListPaths = (
				"${PODS_ROOT}/Target Support Files/Pods-YEXKitDemo/Pods-YEXKitDemo-frameworks-${CONFIGURATION}-input-files.xcfilelist",
			);
			name = "[CP] Embed Pods Frameworks";
			outputFileListPaths = (
				"${PODS_ROOT}/Target Support Files/Pods-YEXKitDemo/Pods-YEXKitDemo-frameworks-${CONFIGURATION}-output-files.xcfilelist",
			);
			runOnlyForDeploymentPostprocessing = 0;
			shellPath = /bin/sh;
			shellScript = "\"${PODS_ROOT}/Target Support Files/Pods-YEXKitDemo/Pods-YEXKitDemo-frameworks.sh\"\n";
			showEnvVarsInLog = 0;
		};
/* End PBXShellScriptBuildPhase section */

/* Begin PBXSourcesBuildPhase section */
		7FD9288428954A6A007EA3AA /* Sources */ = {
			isa = PBXSourcesBuildPhase;
			buildActionMask = 2147483647;
			files = (
				7FD9289028954A6A007EA3AA /* ViewController.swift in Sources */,
				7FD928A928955D05007EA3AA /* YEXLabel.swift in Sources */,
				7FD9288C28954A6A007EA3AA /* AppDelegate.swift in Sources */,
				7FD928A628954B64007EA3AA /* YEXImage.swift in Sources */,
				7FD9288E28954A6A007EA3AA /* SceneDelegate.swift in Sources */,
			);
			runOnlyForDeploymentPostprocessing = 0;
		};
/* End PBXSourcesBuildPhase section */

/* Begin PBXVariantGroup section */
		7FD9289128954A6A007EA3AA /* Main.storyboard */ = {
			isa = PBXVariantGroup;
			children = (
				7FD9289228954A6A007EA3AA /* Base */,
			);
			name = Main.storyboard;
			sourceTree = "<group>";
		};
		7FD9289628954A6D007EA3AA /* LaunchScreen.storyboard */ = {
			isa = PBXVariantGroup;
			children = (
				7FD9289728954A6D007EA3AA /* Base */,
			);
			name = LaunchScreen.storyboard;
			sourceTree = "<group>";
		};
/* End PBXVariantGroup section */

/* Begin XCBuildConfiguration section */
		7FD9289A28954A6D007EA3AA /* Debug */ = {
			isa = XCBuildConfiguration;
			buildSettings = {
				ALWAYS_SEARCH_USER_PATHS = NO;
				CLANG_ANALYZER_NONNULL = YES;
				CLANG_ANALYZER_NUMBER_OBJECT_CONVERSION = YES_AGGRESSIVE;
				CLANG_CXX_LANGUAGE_STANDARD = "gnu++17";
				CLANG_ENABLE_MODULES = YES;
				CLANG_ENABLE_OBJC_ARC = YES;
				CLANG_ENABLE_OBJC_WEAK = YES;
				CLANG_WARN_BLOCK_CAPTURE_AUTORELEASING = YES;
				CLANG_WARN_BOOL_CONVERSION = YES;
				CLANG_WARN_COMMA = YES;
				CLANG_WARN_CONSTANT_CONVERSION = YES;
				CLANG_WARN_DEPRECATED_OBJC_IMPLEMENTATIONS = YES;
				CLANG_WARN_DIRECT_OBJC_ISA_USAGE = YES_ERROR;
				CLANG_WARN_DOCUMENTATION_COMMENTS = YES;
				CLANG_WARN_EMPTY_BODY = YES;
				CLANG_WARN_ENUM_CONVERSION = YES;
				CLANG_WARN_INFINITE_RECURSION = YES;
				CLANG_WARN_INT_CONVERSION = YES;
				CLANG_WARN_NON_LITERAL_NULL_CONVERSION = YES;
				CLANG_WARN_OBJC_IMPLICIT_RETAIN_SELF = YES;
				CLANG_WARN_OBJC_LITERAL_CONVERSION = YES;
				CLANG_WARN_OBJC_ROOT_CLASS = YES_ERROR;
				CLANG_WARN_QUOTED_INCLUDE_IN_FRAMEWORK_HEADER = YES;
				CLANG_WARN_RANGE_LOOP_ANALYSIS = YES;
				CLANG_WARN_STRICT_PROTOTYPES = YES;
				CLANG_WARN_SUSPICIOUS_MOVE = YES;
				CLANG_WARN_UNGUARDED_AVAILABILITY = YES_AGGRESSIVE;
				CLANG_WARN_UNREACHABLE_CODE = YES;
				CLANG_WARN__DUPLICATE_METHOD_MATCH = YES;
				COPY_PHASE_STRIP = NO;
				DEBUG_INFORMATION_FORMAT = dwarf;
				ENABLE_STRICT_OBJC_MSGSEND = YES;
				ENABLE_TESTABILITY = YES;
				GCC_C_LANGUAGE_STANDARD = gnu11;
				GCC_DYNAMIC_NO_PIC = NO;
				GCC_NO_COMMON_BLOCKS = YES;
				GCC_OPTIMIZATION_LEVEL = 0;
				GCC_PREPROCESSOR_DEFINITIONS = (
					"DEBUG=1",
					"$(inherited)",
				);
				GCC_WARN_64_TO_32_BIT_CONVERSION = YES;
				GCC_WARN_ABOUT_RETURN_TYPE = YES_ERROR;
				GCC_WARN_UNDECLARED_SELECTOR = YES;
				GCC_WARN_UNINITIALIZED_AUTOS = YES_AGGRESSIVE;
				GCC_WARN_UNUSED_FUNCTION = YES;
				GCC_WARN_UNUSED_VARIABLE = YES;
				IPHONEOS_DEPLOYMENT_TARGET = 15.5;
				MTL_ENABLE_DEBUG_INFO = INCLUDE_SOURCE;
				MTL_FAST_MATH = YES;
				ONLY_ACTIVE_ARCH = YES;
				SDKROOT = iphoneos;
				SWIFT_ACTIVE_COMPILATION_CONDITIONS = DEBUG;
				SWIFT_OPTIMIZATION_LEVEL = "-Onone";
			};
			name = Debug;
		};
		7FD9289B28954A6D007EA3AA /* Release */ = {
			isa = XCBuildConfiguration;
			buildSettings = {
				ALWAYS_SEARCH_USER_PATHS = NO;
				CLANG_ANALYZER_NONNULL = YES;
				CLANG_ANALYZER_NUMBER_OBJECT_CONVERSION = YES_AGGRESSIVE;
				CLANG_CXX_LANGUAGE_STANDARD = "gnu++17";
				CLANG_ENABLE_MODULES = YES;
				CLANG_ENABLE_OBJC_ARC = YES;
				CLANG_ENABLE_OBJC_WEAK = YES;
				CLANG_WARN_BLOCK_CAPTURE_AUTORELEASING = YES;
				CLANG_WARN_BOOL_CONVERSION = YES;
				CLANG_WARN_COMMA = YES;
				CLANG_WARN_CONSTANT_CONVERSION = YES;
				CLANG_WARN_DEPRECATED_OBJC_IMPLEMENTATIONS = YES;
				CLANG_WARN_DIRECT_OBJC_ISA_USAGE = YES_ERROR;
				CLANG_WARN_DOCUMENTATION_COMMENTS = YES;
				CLANG_WARN_EMPTY_BODY = YES;
				CLANG_WARN_ENUM_CONVERSION = YES;
				CLANG_WARN_INFINITE_RECURSION = YES;
				CLANG_WARN_INT_CONVERSION = YES;
				CLANG_WARN_NON_LITERAL_NULL_CONVERSION = YES;
				CLANG_WARN_OBJC_IMPLICIT_RETAIN_SELF = YES;
				CLANG_WARN_OBJC_LITERAL_CONVERSION = YES;
				CLANG_WARN_OBJC_ROOT_CLASS = YES_ERROR;
				CLANG_WARN_QUOTED_INCLUDE_IN_FRAMEWORK_HEADER = YES;
				CLANG_WARN_RANGE_LOOP_ANALYSIS = YES;
				CLANG_WARN_STRICT_PROTOTYPES = YES;
				CLANG_WARN_SUSPICIOUS_MOVE = YES;
				CLANG_WARN_UNGUARDED_AVAILABILITY = YES_AGGRESSIVE;
				CLANG_WARN_UNREACHABLE_CODE = YES;
				CLANG_WARN__DUPLICATE_METHOD_MATCH = YES;
				COPY_PHASE_STRIP = NO;
				DEBUG_INFORMATION_FORMAT = "dwarf-with-dsym";
				ENABLE_NS_ASSERTIONS = NO;
				ENABLE_STRICT_OBJC_MSGSEND = YES;
				GCC_C_LANGUAGE_STANDARD = gnu11;
				GCC_NO_COMMON_BLOCKS = YES;
				GCC_WARN_64_TO_32_BIT_CONVERSION = YES;
				GCC_WARN_ABOUT_RETURN_TYPE = YES_ERROR;
				GCC_WARN_UNDECLARED_SELECTOR = YES;
				GCC_WARN_UNINITIALIZED_AUTOS = YES_AGGRESSIVE;
				GCC_WARN_UNUSED_FUNCTION = YES;
				GCC_WARN_UNUSED_VARIABLE = YES;
				IPHONEOS_DEPLOYMENT_TARGET = 15.5;
				MTL_ENABLE_DEBUG_INFO = NO;
				MTL_FAST_MATH = YES;
				SDKROOT = iphoneos;
				SWIFT_COMPILATION_MODE = wholemodule;
				SWIFT_OPTIMIZATION_LEVEL = "-O";
				VALIDATE_PRODUCT = YES;
			};
			name = Release;
		};
		7FD9289D28954A6D007EA3AA /* Debug */ = {
			isa = XCBuildConfiguration;
			baseConfigurationReference = 32252977CE581D75BF5CB885 /* Pods-YEXKitDemo.debug.xcconfig */;
			buildSettings = {
				ASSETCATALOG_COMPILER_APPICON_NAME = AppIcon;
				ASSETCATALOG_COMPILER_GLOBAL_ACCENT_COLOR_NAME = AccentColor;
				CODE_SIGN_STYLE = Automatic;
				CURRENT_PROJECT_VERSION = 1;
				DEVELOPMENT_TEAM = XPC7LFWGXY;
				GENERATE_INFOPLIST_FILE = YES;
				INFOPLIST_FILE = YEXKitDemo/Info.plist;
				INFOPLIST_KEY_UIApplicationSupportsIndirectInputEvents = YES;
				INFOPLIST_KEY_UILaunchStoryboardName = LaunchScreen;
				INFOPLIST_KEY_UIMainStoryboardFile = Main;
				INFOPLIST_KEY_UISupportedInterfaceOrientations_iPad = "UIInterfaceOrientationPortrait UIInterfaceOrientationPortraitUpsideDown UIInterfaceOrientationLandscapeLeft UIInterfaceOrientationLandscapeRight";
				INFOPLIST_KEY_UISupportedInterfaceOrientations_iPhone = "UIInterfaceOrientationPortrait UIInterfaceOrientationLandscapeLeft UIInterfaceOrientationLandscapeRight";
				IPHONEOS_DEPLOYMENT_TARGET = 10.0;
				LD_RUNPATH_SEARCH_PATHS = (
					"$(inherited)",
					"@executable_path/Frameworks",
				);
				MARKETING_VERSION = 1.0;
				PRODUCT_BUNDLE_IDENTIFIER = com.YEXKitDemo;
				PRODUCT_NAME = "$(TARGET_NAME)";
				SWIFT_EMIT_LOC_STRINGS = YES;
				SWIFT_VERSION = 5.0;
				TARGETED_DEVICE_FAMILY = "1,2";
			};
			name = Debug;
		};
		7FD9289E28954A6D007EA3AA /* Release */ = {
			isa = XCBuildConfiguration;
			baseConfigurationReference = 4329B881F55755592126B8F2 /* Pods-YEXKitDemo.release.xcconfig */;
			buildSettings = {
				ASSETCATALOG_COMPILER_APPICON_NAME = AppIcon;
				ASSETCATALOG_COMPILER_GLOBAL_ACCENT_COLOR_NAME = AccentColor;
				CODE_SIGN_STYLE = Automatic;
				CURRENT_PROJECT_VERSION = 1;
				DEVELOPMENT_TEAM = XPC7LFWGXY;
				GENERATE_INFOPLIST_FILE = YES;
				INFOPLIST_FILE = YEXKitDemo/Info.plist;
				INFOPLIST_KEY_UIApplicationSupportsIndirectInputEvents = YES;
				INFOPLIST_KEY_UILaunchStoryboardName = LaunchScreen;
				INFOPLIST_KEY_UIMainStoryboardFile = Main;
				INFOPLIST_KEY_UISupportedInterfaceOrientations_iPad = "UIInterfaceOrientationPortrait UIInterfaceOrientationPortraitUpsideDown UIInterfaceOrientationLandscapeLeft UIInterfaceOrientationLandscapeRight";
				INFOPLIST_KEY_UISupportedInterfaceOrientations_iPhone = "UIInterfaceOrientationPortrait UIInterfaceOrientationLandscapeLeft UIInterfaceOrientationLandscapeRight";
				IPHONEOS_DEPLOYMENT_TARGET = 10.0;
				LD_RUNPATH_SEARCH_PATHS = (
					"$(inherited)",
					"@executable_path/Frameworks",
				);
				MARKETING_VERSION = 1.0;
				PRODUCT_BUNDLE_IDENTIFIER = com.YEXKitDemo;
				PRODUCT_NAME = "$(TARGET_NAME)";
				SWIFT_EMIT_LOC_STRINGS = YES;
				SWIFT_VERSION = 5.0;
				TARGETED_DEVICE_FAMILY = "1,2";
			};
			name = Release;
		};
/* End XCBuildConfiguration section */

/* Begin XCConfigurationList section */
		7FD9288328954A6A007EA3AA /* Build configuration list for PBXProject "YEXKitDemo" */ = {
			isa = XCConfigurationList;
			buildConfigurations = (
				7FD9289A28954A6D007EA3AA /* Debug */,
				7FD9289B28954A6D007EA3AA /* Release */,
			);
			defaultConfigurationIsVisible = 0;
			defaultConfigurationName = Release;
		};
		7FD9289C28954A6D007EA3AA /* Build configuration list for PBXNativeTarget "YEXKitDemo" */ = {
			isa = XCConfigurationList;
			buildConfigurations = (
				7FD9289D28954A6D007EA3AA /* Debug */,
				7FD9289E28954A6D007EA3AA /* Release */,
			);
			defaultConfigurationIsVisible = 0;
			defaultConfigurationName = Release;
		};
/* End XCConfigurationList section */
	};
	rootObject = 7FD9288028954A6A007EA3AA /* Project object */;
}
